
Microsoft Visual Studio Solution File, Format Version 12.00
# Visual Studio 2013
VisualStudioVersion = 12.0.21005.1
MinimumVisualStudioVersion = 10.0.40219.1
Project("{FAE04EC0-301F-11D3-BF4B-00C04F79EFBC}") = "HealthIS.Layouts.Doctors", "HealthIS.Layouts.Doctors\HealthIS.Layouts.Doctors.csproj", "{DCA7F32B-BAA6-4C4C-B3E0-511055B85CE3}"
EndProject
Project("{FAE04EC0-301F-11D3-BF4B-00C04F79EFBC}") = "HealthIS.Layouts.Master", "HealthIS.Layouts.Master\HealthIS.Layouts.Master.csproj", "{553EB535-0371-4DCE-86FA-71D79B97204C}"
EndProject
Project("{FAE04EC0-301F-11D3-BF4B-00C04F79EFBC}") = "HealthIS.Layouts.COPH", "HealthIS.Layouts.COPH\HealthIS.Layouts.COPH.csproj", "{743ABAB8-14A9-4F9C-BAAC-8E33BD645D3A}"
EndProject
Project("{FAE04EC0-301F-11D3-BF4B-00C04F79EFBC}") = "HealthIS.Layouts.MCOM", "HealthIS.Layouts.MCOM\HealthIS.Layouts.MCOM.csproj", "{0906C11D-E13D-4625-B66C-630AC4C8D907}"
EndProject
Project("{FAE04EC0-301F-11D3-BF4B-00C04F79EFBC}") = "HealthIS.Layouts.Corporate", "HealthIS.Layouts.Corporate\HealthIS.Layouts.Corporate.csproj", "{86548B7B-3500-4FD3-B8C7-F679DB389176}"
EndProject
Project("{FAE04EC0-301F-11D3-BF4B-00C04F79EFBC}") = "HealthIS.Layouts.Nursing", "HealthIS.Layouts.Nursing\HealthIS.Layouts.Nursing.csproj", "{5E50EE10-6FFE-44FF-A5F7-6F588FDA2B30}"
EndProject
Project("{FAE04EC0-301F-11D3-BF4B-00C04F79EFBC}") = "HealthIS.Layouts.Pharmacy", "HealthIS.Layouts.Pharmacy\HealthIS.Layouts.Pharmacy.csproj", "{DACCD5F8-C1A4-4E14-9668-A0FD34C83F3B}"
EndProject
Project("{FAE04EC0-301F-11D3-BF4B-00C04F79EFBC}") = "HealthIS.Layouts.Byrd", "HealthIS.Layouts.Byrd\HealthIS.Layouts.Byrd.csproj", "{321DEB24-5B7F-47F2-8D0C-D1449EA5E0B6}"
EndProject
Global
	GlobalSection(SolutionConfigurationPlatforms) = preSolution
		Debug|Any CPU = Debug|Any CPU
		Release|Any CPU = Release|Any CPU
	EndGlobalSection
	GlobalSection(ProjectConfigurationPlatforms) = postSolution
		{DCA7F32B-BAA6-4C4C-B3E0-511055B85CE3}.Debug|Any CPU.ActiveCfg = Debug|Any CPU
		{DCA7F32B-BAA6-4C4C-B3E0-511055B85CE3}.Debug|Any CPU.Build.0 = Debug|Any CPU
		{DCA7F32B-BAA6-4C4C-B3E0-511055B85CE3}.Release|Any CPU.ActiveCfg = Release|Any CPU
		{553EB535-0371-4DCE-86FA-71D79B97204C}.Debug|Any CPU.ActiveCfg = Debug|Any CPU
		{553EB535-0371-4DCE-86FA-71D79B97204C}.Debug|Any CPU.Build.0 = Debug|Any CPU
		{553EB535-0371-4DCE-86FA-71D79B97204C}.Release|Any CPU.ActiveCfg = Release|Any CPU
		{743ABAB8-14A9-4F9C-BAAC-8E33BD645D3A}.Debug|Any CPU.ActiveCfg = Debug|Any CPU
		{743ABAB8-14A9-4F9C-BAAC-8E33BD645D3A}.Debug|Any CPU.Build.0 = Debug|Any CPU
		{743ABAB8-14A9-4F9C-BAAC-8E33BD645D3A}.Release|Any CPU.ActiveCfg = Release|Any CPU
		{0906C11D-E13D-4625-B66C-630AC4C8D907}.Debug|Any CPU.ActiveCfg = Debug|Any CPU
		{0906C11D-E13D-4625-B66C-630AC4C8D907}.Debug|Any CPU.Build.0 = Debug|Any CPU
		{0906C11D-E13D-4625-B66C-630AC4C8D907}.Release|Any CPU.ActiveCfg = Release|Any CPU
		{86548B7B-3500-4FD3-B8C7-F679DB389176}.Debug|Any CPU.ActiveCfg = Debug|Any CPU
		{86548B7B-3500-4FD3-B8C7-F679DB389176}.Debug|Any CPU.Build.0 = Debug|Any CPU
		{86548B7B-3500-4FD3-B8C7-F679DB389176}.Release|Any CPU.ActiveCfg = Release|Any CPU
		{5E50EE10-6FFE-44FF-A5F7-6F588FDA2B30}.Debug|Any CPU.ActiveCfg = Debug|Any CPU
		{5E50EE10-6FFE-44FF-A5F7-6F588FDA2B30}.Debug|Any CPU.Build.0 = Debug|Any CPU
		{5E50EE10-6FFE-44FF-A5F7-6F588FDA2B30}.Release|Any CPU.ActiveCfg = Release|Any CPU
		{DACCD5F8-C1A4-4E14-9668-A0FD34C83F3B}.Debug|Any CPU.ActiveCfg = Debug|Any CPU
		{DACCD5F8-C1A4-4E14-9668-A0FD34C83F3B}.Debug|Any CPU.Build.0 = Debug|Any CPU
		{DACCD5F8-C1A4-4E14-9668-A0FD34C83F3B}.Release|Any CPU.ActiveCfg = Release|Any CPU
		{321DEB24-5B7F-47F2-8D0C-D1449EA5E0B6}.Debug|Any CPU.ActiveCfg = Debug|Any CPU
		{321DEB24-5B7F-47F2-8D0C-D1449EA5E0B6}.Debug|Any CPU.Build.0 = Debug|Any CPU
		{321DEB24-5B7F-47F2-8D0C-D1449EA5E0B6}.Release|Any CPU.ActiveCfg = Release|Any CPU
	EndGlobalSection
	GlobalSection(SolutionProperties) = preSolution
		HideSolutionNode = FALSE
	EndGlobalSection
EndGlobal
