
Microsoft Visual Studio Solution File, Format Version 12.00
# Visual Studio 2012
Project("{FAE04EC0-301F-11D3-BF4B-00C04F79EFBC}") = "Sitecore.VerticalNav", "Sitecore.VerticalNav.csproj", "{A1EB8959-C65F-484D-B54E-A2FCA7A6A684}"
EndProject
Global
	GlobalSection(SolutionConfigurationPlatforms) = preSolution
		Debug|Any CPU = Debug|Any CPU
		Release|Any CPU = Release|Any CPU
	EndGlobalSection
	GlobalSection(ProjectConfigurationPlatforms) = postSolution
		{A1EB8959-C65F-484D-B54E-A2FCA7A6A684}.Debug|Any CPU.ActiveCfg = Debug|Any CPU
		{A1EB8959-C65F-484D-B54E-A2FCA7A6A684}.Debug|Any CPU.Build.0 = Debug|Any CPU
		{A1EB8959-C65F-484D-B54E-A2FCA7A6A684}.Release|Any CPU.ActiveCfg = Release|Any CPU
		{A1EB8959-C65F-484D-B54E-A2FCA7A6A684}.Release|Any CPU.Build.0 = Release|Any CPU
	EndGlobalSection
	GlobalSection(SolutionProperties) = preSolution
		HideSolutionNode = FALSE
	EndGlobalSection
EndGlobal
